// !$*UTF8*$!
{
	archiveVersion = 1;
	classes = {
	};
	objectVersion = 60;
	objects = {

/* Begin PBXBuildFile section */
		5E2A5D872BC8E305004173A7 /* AppearanceType.swift in Sources */ = {isa = PBXBuildFile; fileRef = 5E2A5D862BC8E305004173A7 /* AppearanceType.swift */; };
		5E2A5D8A2BC8FC51004173A7 /* Settings in Frameworks */ = {isa = PBXBuildFile; productRef = 5E2A5D892BC8FC51004173A7 /* Settings */; };
		5E2A5D8D2BC8FC74004173A7 /* LaunchAtLogin in Frameworks */ = {isa = PBXBuildFile; productRef = 5E2A5D8C2BC8FC74004173A7 /* LaunchAtLogin */; };
		5E2A5D8F2BC8FD41004173A7 /* Settings.swift in Sources */ = {isa = PBXBuildFile; fileRef = 5E2A5D8E2BC8FD41004173A7 /* Settings.swift */; };
		5E2A5D922BC8FE66004173A7 /* GeneralSettingsView.swift in Sources */ = {isa = PBXBuildFile; fileRef = 5E2A5D912BC8FE66004173A7 /* GeneralSettingsView.swift */; };
		5E2A5D942BC8FE75004173A7 /* AppearanceSettingsView.swift in Sources */ = {isa = PBXBuildFile; fileRef = 5E2A5D932BC8FE75004173A7 /* AppearanceSettingsView.swift */; };
		5E2A5D962BC8FE83004173A7 /* AboutSettingsView.swift in Sources */ = {isa = PBXBuildFile; fileRef = 5E2A5D952BC8FE83004173A7 /* AboutSettingsView.swift */; };
		5E2A5D982BC907C3004173A7 /* StatusbarItemManager.swift in Sources */ = {isa = PBXBuildFile; fileRef = 5E2A5D972BC907C3004173A7 /* StatusbarItemManager.swift */; };
		5E2A5D9A2BC922BB004173A7 /* PlacementType.swift in Sources */ = {isa = PBXBuildFile; fileRef = 5E2A5D992BC922BB004173A7 /* PlacementType.swift */; };
		5E2DFB322B2B66980071894A /* NowPlayrApp.swift in Sources */ = {isa = PBXBuildFile; fileRef = 5E2DFB312B2B66980071894A /* NowPlayrApp.swift */; };
		5E2DFB342B2B66980071894A /* ContentView.swift in Sources */ = {isa = PBXBuildFile; fileRef = 5E2DFB332B2B66980071894A /* ContentView.swift */; };
		5E2DFB362B2B669A0071894A /* Assets.xcassets in Resources */ = {isa = PBXBuildFile; fileRef = 5E2DFB352B2B669A0071894A /* Assets.xcassets */; };
		5E2DFB392B2B669A0071894A /* Preview Assets.xcassets in Resources */ = {isa = PBXBuildFile; fileRef = 5E2DFB382B2B669A0071894A /* Preview Assets.xcassets */; };
		5E2DFB422B2B70C70071894A /* AppDelegate.swift in Sources */ = {isa = PBXBuildFile; fileRef = 5E2DFB412B2B70C60071894A /* AppDelegate.swift */; };
		5E2DFB462B2B72800071894A /* StatusBarController.swift in Sources */ = {isa = PBXBuildFile; fileRef = 5E2DFB452B2B72800071894A /* StatusBarController.swift */; };
		5E3877782BC76E900022575B /* EventMonitor.swift in Sources */ = {isa = PBXBuildFile; fileRef = 5E3877772BC76E900022575B /* EventMonitor.swift */; };
		5E38777B2BC7711D0022575B /* FloatingPlayerWindow.swift in Sources */ = {isa = PBXBuildFile; fileRef = 5E38777A2BC7711D0022575B /* FloatingPlayerWindow.swift */; };
		5E38777E2BC7750F0022575B /* Player.swift in Sources */ = {isa = PBXBuildFile; fileRef = 5E38777D2BC7750F0022575B /* Player.swift */; };
		5E3877812BC777D00022575B /* Constants.swift in Sources */ = {isa = PBXBuildFile; fileRef = 5E3877802BC777D00022575B /* Constants.swift */; };
		5E3877842BC77B920022575B /* PlayerManager.swift in Sources */ = {isa = PBXBuildFile; fileRef = 5E3877832BC77B920022575B /* PlayerManager.swift */; };
		5E3877872BC77D6F0022575B /* SupportedApps.swift in Sources */ = {isa = PBXBuildFile; fileRef = 5E3877862BC77D6F0022575B /* SupportedApps.swift */; };
		5E38778A2BC77DB30022575B /* MusicApplication.swift in Sources */ = {isa = PBXBuildFile; fileRef = 5E3877892BC77DB30022575B /* MusicApplication.swift */; };
		5E38778C2BC77DBE0022575B /* SpotifyApplication.swift in Sources */ = {isa = PBXBuildFile; fileRef = 5E38778B2BC77DBE0022575B /* SpotifyApplication.swift */; };
		5E38778E2BC77E5A0022575B /* Track.swift in Sources */ = {isa = PBXBuildFile; fileRef = 5E38778D2BC77E5A0022575B /* Track.swift */; };
		5E3877912BC782600022575B /* Extensions.swift in Sources */ = {isa = PBXBuildFile; fileRef = 5E3877902BC782600022575B /* Extensions.swift */; };
		5E3877952BC784040022575B /* AlertItem.swift in Sources */ = {isa = PBXBuildFile; fileRef = 5E3877942BC784040022575B /* AlertItem.swift */; };
		5E3877972BC788460022575B /* Helper.swift in Sources */ = {isa = PBXBuildFile; fileRef = 5E3877962BC788460022575B /* Helper.swift */; };
		5E3877992BC78BC80022575B /* OnboardingWindow.swift in Sources */ = {isa = PBXBuildFile; fileRef = 5E3877982BC78BC80022575B /* OnboardingWindow.swift */; };
		5E38779B2BC78CD50022575B /* OnboardingView.swift in Sources */ = {isa = PBXBuildFile; fileRef = 5E38779A2BC78CD50022575B /* OnboardingView.swift */; };
		5EBC723A2BC7B05300A0B5DB /* NowPlaying.swift in Sources */ = {isa = PBXBuildFile; fileRef = 5EBC72392BC7B05300A0B5DB /* NowPlaying.swift */; };
		5EBC72412BC823EE00A0B5DB /* AlbumInfoView.swift in Sources */ = {isa = PBXBuildFile; fileRef = 5EBC72402BC823EE00A0B5DB /* AlbumInfoView.swift */; };
		5EBC72432BC8240700A0B5DB /* PlayingDuration.swift in Sources */ = {isa = PBXBuildFile; fileRef = 5EBC72422BC8240700A0B5DB /* PlayingDuration.swift */; };
		5EBC72452BC8241800A0B5DB /* BottomControls.swift in Sources */ = {isa = PBXBuildFile; fileRef = 5EBC72442BC8241800A0B5DB /* BottomControls.swift */; };
		5EBC72472BC8383800A0B5DB /* SliderView.swift in Sources */ = {isa = PBXBuildFile; fileRef = 5EBC72462BC8383800A0B5DB /* SliderView.swift */; };
		5EBC72492BC887CE00A0B5DB /* SliderConfig.swift in Sources */ = {isa = PBXBuildFile; fileRef = 5EBC72482BC887CE00A0B5DB /* SliderConfig.swift */; };
/* End PBXBuildFile section */

/* Begin PBXFileReference section */
		5E2A5D862BC8E305004173A7 /* AppearanceType.swift */ = {isa = PBXFileReference; lastKnownFileType = sourcecode.swift; path = AppearanceType.swift; sourceTree = "<group>"; };
		5E2A5D8E2BC8FD41004173A7 /* Settings.swift */ = {isa = PBXFileReference; lastKnownFileType = sourcecode.swift; path = Settings.swift; sourceTree = "<group>"; };
		5E2A5D912BC8FE66004173A7 /* GeneralSettingsView.swift */ = {isa = PBXFileReference; lastKnownFileType = sourcecode.swift; path = GeneralSettingsView.swift; sourceTree = "<group>"; };
		5E2A5D932BC8FE75004173A7 /* AppearanceSettingsView.swift */ = {isa = PBXFileReference; lastKnownFileType = sourcecode.swift; path = AppearanceSettingsView.swift; sourceTree = "<group>"; };
		5E2A5D952BC8FE83004173A7 /* AboutSettingsView.swift */ = {isa = PBXFileReference; lastKnownFileType = sourcecode.swift; path = AboutSettingsView.swift; sourceTree = "<group>"; };
		5E2A5D972BC907C3004173A7 /* StatusbarItemManager.swift */ = {isa = PBXFileReference; lastKnownFileType = sourcecode.swift; path = StatusbarItemManager.swift; sourceTree = "<group>"; };
		5E2A5D992BC922BB004173A7 /* PlacementType.swift */ = {isa = PBXFileReference; lastKnownFileType = sourcecode.swift; path = PlacementType.swift; sourceTree = "<group>"; };
		5E2DFB2E2B2B66980071894A /* NowPlayr.app */ = {isa = PBXFileReference; explicitFileType = wrapper.application; includeInIndex = 0; path = NowPlayr.app; sourceTree = BUILT_PRODUCTS_DIR; };
		5E2DFB312B2B66980071894A /* NowPlayrApp.swift */ = {isa = PBXFileReference; lastKnownFileType = sourcecode.swift; path = NowPlayrApp.swift; sourceTree = "<group>"; };
		5E2DFB332B2B66980071894A /* ContentView.swift */ = {isa = PBXFileReference; lastKnownFileType = sourcecode.swift; path = ContentView.swift; sourceTree = "<group>"; };
		5E2DFB352B2B669A0071894A /* Assets.xcassets */ = {isa = PBXFileReference; lastKnownFileType = folder.assetcatalog; path = Assets.xcassets; sourceTree = "<group>"; };
		5E2DFB382B2B669A0071894A /* Preview Assets.xcassets */ = {isa = PBXFileReference; lastKnownFileType = folder.assetcatalog; path = "Preview Assets.xcassets"; sourceTree = "<group>"; };
		5E2DFB3A2B2B669A0071894A /* NowPlayr.entitlements */ = {isa = PBXFileReference; lastKnownFileType = text.plist.entitlements; path = NowPlayr.entitlements; sourceTree = "<group>"; };
		5E2DFB412B2B70C60071894A /* AppDelegate.swift */ = {isa = PBXFileReference; lastKnownFileType = sourcecode.swift; path = AppDelegate.swift; sourceTree = "<group>"; };
		5E2DFB452B2B72800071894A /* StatusBarController.swift */ = {isa = PBXFileReference; lastKnownFileType = sourcecode.swift; path = StatusBarController.swift; sourceTree = "<group>"; };
		5E3877772BC76E900022575B /* EventMonitor.swift */ = {isa = PBXFileReference; lastKnownFileType = sourcecode.swift; path = EventMonitor.swift; sourceTree = "<group>"; };
		5E38777A2BC7711D0022575B /* FloatingPlayerWindow.swift */ = {isa = PBXFileReference; lastKnownFileType = sourcecode.swift; path = FloatingPlayerWindow.swift; sourceTree = "<group>"; };
		5E38777D2BC7750F0022575B /* Player.swift */ = {isa = PBXFileReference; lastKnownFileType = sourcecode.swift; path = Player.swift; sourceTree = "<group>"; };
		5E3877802BC777D00022575B /* Constants.swift */ = {isa = PBXFileReference; lastKnownFileType = sourcecode.swift; path = Constants.swift; sourceTree = "<group>"; };
		5E3877832BC77B920022575B /* PlayerManager.swift */ = {isa = PBXFileReference; lastKnownFileType = sourcecode.swift; path = PlayerManager.swift; sourceTree = "<group>"; };
		5E3877862BC77D6F0022575B /* SupportedApps.swift */ = {isa = PBXFileReference; lastKnownFileType = sourcecode.swift; path = SupportedApps.swift; sourceTree = "<group>"; };
		5E3877892BC77DB30022575B /* MusicApplication.swift */ = {isa = PBXFileReference; lastKnownFileType = sourcecode.swift; path = MusicApplication.swift; sourceTree = "<group>"; };
		5E38778B2BC77DBE0022575B /* SpotifyApplication.swift */ = {isa = PBXFileReference; lastKnownFileType = sourcecode.swift; path = SpotifyApplication.swift; sourceTree = "<group>"; };
		5E38778D2BC77E5A0022575B /* Track.swift */ = {isa = PBXFileReference; lastKnownFileType = sourcecode.swift; path = Track.swift; sourceTree = "<group>"; };
		5E3877902BC782600022575B /* Extensions.swift */ = {isa = PBXFileReference; lastKnownFileType = sourcecode.swift; path = Extensions.swift; sourceTree = "<group>"; };
		5E3877942BC784040022575B /* AlertItem.swift */ = {isa = PBXFileReference; lastKnownFileType = sourcecode.swift; path = AlertItem.swift; sourceTree = "<group>"; };
		5E3877962BC788460022575B /* Helper.swift */ = {isa = PBXFileReference; lastKnownFileType = sourcecode.swift; path = Helper.swift; sourceTree = "<group>"; };
		5E3877982BC78BC80022575B /* OnboardingWindow.swift */ = {isa = PBXFileReference; lastKnownFileType = sourcecode.swift; path = OnboardingWindow.swift; sourceTree = "<group>"; };
		5E38779A2BC78CD50022575B /* OnboardingView.swift */ = {isa = PBXFileReference; lastKnownFileType = sourcecode.swift; path = OnboardingView.swift; sourceTree = "<group>"; };
		5EBC72392BC7B05300A0B5DB /* NowPlaying.swift */ = {isa = PBXFileReference; lastKnownFileType = sourcecode.swift; path = NowPlaying.swift; sourceTree = "<group>"; };
		5EBC72402BC823EE00A0B5DB /* AlbumInfoView.swift */ = {isa = PBXFileReference; lastKnownFileType = sourcecode.swift; path = AlbumInfoView.swift; sourceTree = "<group>"; };
		5EBC72422BC8240700A0B5DB /* PlayingDuration.swift */ = {isa = PBXFileReference; lastKnownFileType = sourcecode.swift; path = PlayingDuration.swift; sourceTree = "<group>"; };
		5EBC72442BC8241800A0B5DB /* BottomControls.swift */ = {isa = PBXFileReference; lastKnownFileType = sourcecode.swift; path = BottomControls.swift; sourceTree = "<group>"; };
		5EBC72462BC8383800A0B5DB /* SliderView.swift */ = {isa = PBXFileReference; lastKnownFileType = sourcecode.swift; path = SliderView.swift; sourceTree = "<group>"; };
		5EBC72482BC887CE00A0B5DB /* SliderConfig.swift */ = {isa = PBXFileReference; lastKnownFileType = sourcecode.swift; path = SliderConfig.swift; sourceTree = "<group>"; };
/* End PBXFileReference section */

/* Begin PBXFrameworksBuildPhase section */
		5E2DFB2B2B2B66980071894A /* Frameworks */ = {
			isa = PBXFrameworksBuildPhase;
			buildActionMask = 2147483647;
			files = (
				5E2A5D8D2BC8FC74004173A7 /* LaunchAtLogin in Frameworks */,
				5E2A5D8A2BC8FC51004173A7 /* Settings in Frameworks */,
			);
			runOnlyForDeploymentPostprocessing = 0;
		};
/* End PBXFrameworksBuildPhase section */

/* Begin PBXGroup section */
		5E2A5D902BC8FD93004173A7 /* Settings */ = {
			isa = PBXGroup;
			children = (
				5E2A5D912BC8FE66004173A7 /* GeneralSettingsView.swift */,
				5E2A5D932BC8FE75004173A7 /* AppearanceSettingsView.swift */,
				5E2A5D952BC8FE83004173A7 /* AboutSettingsView.swift */,
			);
			path = Settings;
			sourceTree = "<group>";
		};
		5E2DFB252B2B66980071894A = {
			isa = PBXGroup;
			children = (
				5E2DFB302B2B66980071894A /* NowPlayr */,
				5E2DFB2F2B2B66980071894A /* Products */,
			);
			sourceTree = "<group>";
		};
		5E2DFB2F2B2B66980071894A /* Products */ = {
			isa = PBXGroup;
			children = (
				5E2DFB2E2B2B66980071894A /* NowPlayr.app */,
			);
			name = Products;
			sourceTree = "<group>";
		};
		5E2DFB302B2B66980071894A /* NowPlayr */ = {
			isa = PBXGroup;
			children = (
				5E38778F2BC780CB0022575B /* Extensions */,
				5E3877882BC77D980022575B /* ScriptingBridge */,
				5E3877852BC77D320022575B /* Models */,
				5E3877822BC77B840022575B /* ViewModels */,
				5E38777F2BC777C10022575B /* Utilities */,
				5E38777C2BC775010022575B /* Views */,
				5E3877792BC770F50022575B /* Windows */,
				5E2DFB402B2B70140071894A /* Menubar */,
				5E2DFB312B2B66980071894A /* NowPlayrApp.swift */,
				5E2DFB412B2B70C60071894A /* AppDelegate.swift */,
				5E2DFB332B2B66980071894A /* ContentView.swift */,
				5E2DFB352B2B669A0071894A /* Assets.xcassets */,
				5E2DFB3A2B2B669A0071894A /* NowPlayr.entitlements */,
				5E2DFB372B2B669A0071894A /* Preview Content */,
			);
			path = NowPlayr;
			sourceTree = "<group>";
		};
		5E2DFB372B2B669A0071894A /* Preview Content */ = {
			isa = PBXGroup;
			children = (
				5E2DFB382B2B669A0071894A /* Preview Assets.xcassets */,
			);
			path = "Preview Content";
			sourceTree = "<group>";
		};
		5E2DFB402B2B70140071894A /* Menubar */ = {
			isa = PBXGroup;
			children = (
				5E2DFB452B2B72800071894A /* StatusBarController.swift */,
			);
			path = Menubar;
			sourceTree = "<group>";
		};
		5E3877792BC770F50022575B /* Windows */ = {
			isa = PBXGroup;
			children = (
				5E38777A2BC7711D0022575B /* FloatingPlayerWindow.swift */,
				5E3877982BC78BC80022575B /* OnboardingWindow.swift */,
			);
			path = Windows;
			sourceTree = "<group>";
		};
		5E38777C2BC775010022575B /* Views */ = {
			isa = PBXGroup;
			children = (
				5E2A5D902BC8FD93004173A7 /* Settings */,
				5EBC723F2BC822F000A0B5DB /* Player */,
				5E38779A2BC78CD50022575B /* OnboardingView.swift */,
				5EBC72392BC7B05300A0B5DB /* NowPlaying.swift */,
			);
			path = Views;
			sourceTree = "<group>";
		};
		5E38777F2BC777C10022575B /* Utilities */ = {
			isa = PBXGroup;
			children = (
				5E3877772BC76E900022575B /* EventMonitor.swift */,
				5E3877802BC777D00022575B /* Constants.swift */,
				5E3877962BC788460022575B /* Helper.swift */,
				5E2A5D8E2BC8FD41004173A7 /* Settings.swift */,
			);
			path = Utilities;
			sourceTree = "<group>";
		};
		5E3877822BC77B840022575B /* ViewModels */ = {
			isa = PBXGroup;
			children = (
				5E3877832BC77B920022575B /* PlayerManager.swift */,
				5E2A5D972BC907C3004173A7 /* StatusbarItemManager.swift */,
			);
			path = ViewModels;
			sourceTree = "<group>";
		};
		5E3877852BC77D320022575B /* Models */ = {
			isa = PBXGroup;
			children = (
				5E3877862BC77D6F0022575B /* SupportedApps.swift */,
				5E38778D2BC77E5A0022575B /* Track.swift */,
				5E3877942BC784040022575B /* AlertItem.swift */,
				5EBC72482BC887CE00A0B5DB /* SliderConfig.swift */,
				5E2A5D862BC8E305004173A7 /* AppearanceType.swift */,
				5E2A5D992BC922BB004173A7 /* PlacementType.swift */,
			);
			path = Models;
			sourceTree = "<group>";
		};
		5E3877882BC77D980022575B /* ScriptingBridge */ = {
			isa = PBXGroup;
			children = (
				5E3877892BC77DB30022575B /* MusicApplication.swift */,
				5E38778B2BC77DBE0022575B /* SpotifyApplication.swift */,
			);
			path = ScriptingBridge;
			sourceTree = "<group>";
		};
		5E38778F2BC780CB0022575B /* Extensions */ = {
			isa = PBXGroup;
			children = (
				5E3877902BC782600022575B /* Extensions.swift */,
			);
			path = Extensions;
			sourceTree = "<group>";
		};
		5EBC723F2BC822F000A0B5DB /* Player */ = {
			isa = PBXGroup;
			children = (
				5E38777D2BC7750F0022575B /* Player.swift */,
				5EBC72402BC823EE00A0B5DB /* AlbumInfoView.swift */,
				5EBC72422BC8240700A0B5DB /* PlayingDuration.swift */,
				5EBC72442BC8241800A0B5DB /* BottomControls.swift */,
				5EBC72462BC8383800A0B5DB /* SliderView.swift */,
			);
			path = Player;
			sourceTree = "<group>";
		};
/* End PBXGroup section */

/* Begin PBXNativeTarget section */
		5E2DFB2D2B2B66980071894A /* NowPlayr */ = {
			isa = PBXNativeTarget;
			buildConfigurationList = 5E2DFB3D2B2B669A0071894A /* Build configuration list for PBXNativeTarget "NowPlayr" */;
			buildPhases = (
				5E2DFB2A2B2B66980071894A /* Sources */,
				5E2DFB2B2B2B66980071894A /* Frameworks */,
				5E2DFB2C2B2B66980071894A /* Resources */,
			);
			buildRules = (
			);
			dependencies = (
			);
			name = NowPlayr;
			packageProductDependencies = (
				5E2A5D892BC8FC51004173A7 /* Settings */,
				5E2A5D8C2BC8FC74004173A7 /* LaunchAtLogin */,
			);
			productName = NowPlayr;
			productReference = 5E2DFB2E2B2B66980071894A /* NowPlayr.app */;
			productType = "com.apple.product-type.application";
		};
/* End PBXNativeTarget section */

/* Begin PBXProject section */
		5E2DFB262B2B66980071894A /* Project object */ = {
			isa = PBXProject;
			attributes = {
				BuildIndependentTargetsInParallel = 1;
				LastSwiftUpdateCheck = 1500;
				LastUpgradeCheck = 1520;
				TargetAttributes = {
					5E2DFB2D2B2B66980071894A = {
						CreatedOnToolsVersion = 15.0.1;
					};
				};
			};
			buildConfigurationList = 5E2DFB292B2B66980071894A /* Build configuration list for PBXProject "NowPlayr" */;
			compatibilityVersion = "Xcode 14.0";
			developmentRegion = en;
			hasScannedForEncodings = 0;
			knownRegions = (
				en,
				Base,
			);
			mainGroup = 5E2DFB252B2B66980071894A;
			packageReferences = (
				5E2A5D882BC8FC51004173A7 /* XCLocalSwiftPackageReference "../swifty/packages/Settings" */,
				5E2A5D8B2BC8FC74004173A7 /* XCLocalSwiftPackageReference "../swifty/packages/LaunchAtLogin-Modern" */,
			);
			productRefGroup = 5E2DFB2F2B2B66980071894A /* Products */;
			projectDirPath = "";
			projectRoot = "";
			targets = (
				5E2DFB2D2B2B66980071894A /* NowPlayr */,
			);
		};
/* End PBXProject section */

/* Begin PBXResourcesBuildPhase section */
		5E2DFB2C2B2B66980071894A /* Resources */ = {
			isa = PBXResourcesBuildPhase;
			buildActionMask = 2147483647;
			files = (
				5E2DFB392B2B669A0071894A /* Preview Assets.xcassets in Resources */,
				5E2DFB362B2B669A0071894A /* Assets.xcassets in Resources */,
			);
			runOnlyForDeploymentPostprocessing = 0;
		};
/* End PBXResourcesBuildPhase section */

/* Begin PBXSourcesBuildPhase section */
		5E2DFB2A2B2B66980071894A /* Sources */ = {
			isa = PBXSourcesBuildPhase;
			buildActionMask = 2147483647;
			files = (
				5E2DFB422B2B70C70071894A /* AppDelegate.swift in Sources */,
				5EBC72492BC887CE00A0B5DB /* SliderConfig.swift in Sources */,
				5E2A5D872BC8E305004173A7 /* AppearanceType.swift in Sources */,
				5E38778C2BC77DBE0022575B /* SpotifyApplication.swift in Sources */,
				5E2DFB342B2B66980071894A /* ContentView.swift in Sources */,
				5EBC72412BC823EE00A0B5DB /* AlbumInfoView.swift in Sources */,
				5E38779B2BC78CD50022575B /* OnboardingView.swift in Sources */,
				5E3877872BC77D6F0022575B /* SupportedApps.swift in Sources */,
				5E2A5D982BC907C3004173A7 /* StatusbarItemManager.swift in Sources */,
				5E2DFB462B2B72800071894A /* StatusBarController.swift in Sources */,
				5E2A5D962BC8FE83004173A7 /* AboutSettingsView.swift in Sources */,
				5E3877782BC76E900022575B /* EventMonitor.swift in Sources */,
				5E2A5D942BC8FE75004173A7 /* AppearanceSettingsView.swift in Sources */,
				5E2A5D922BC8FE66004173A7 /* GeneralSettingsView.swift in Sources */,
				5EBC72432BC8240700A0B5DB /* PlayingDuration.swift in Sources */,
				5EBC72472BC8383800A0B5DB /* SliderView.swift in Sources */,
				5E3877912BC782600022575B /* Extensions.swift in Sources */,
				5E3877972BC788460022575B /* Helper.swift in Sources */,
				5E2A5D9A2BC922BB004173A7 /* PlacementType.swift in Sources */,
				5E38777E2BC7750F0022575B /* Player.swift in Sources */,
				5E3877842BC77B920022575B /* PlayerManager.swift in Sources */,
				5E3877812BC777D00022575B /* Constants.swift in Sources */,
				5EBC723A2BC7B05300A0B5DB /* NowPlaying.swift in Sources */,
				5EBC72452BC8241800A0B5DB /* BottomControls.swift in Sources */,
				5E38777B2BC7711D0022575B /* FloatingPlayerWindow.swift in Sources */,
				5E38778E2BC77E5A0022575B /* Track.swift in Sources */,
				5E2DFB322B2B66980071894A /* NowPlayrApp.swift in Sources */,
				5E3877952BC784040022575B /* AlertItem.swift in Sources */,
				5E2A5D8F2BC8FD41004173A7 /* Settings.swift in Sources */,
				5E3877992BC78BC80022575B /* OnboardingWindow.swift in Sources */,
				5E38778A2BC77DB30022575B /* MusicApplication.swift in Sources */,
			);
			runOnlyForDeploymentPostprocessing = 0;
		};
/* End PBXSourcesBuildPhase section */

/* Begin XCBuildConfiguration section */
		5E2DFB3B2B2B669A0071894A /* Debug */ = {
			isa = XCBuildConfiguration;
			buildSettings = {
				ALWAYS_SEARCH_USER_PATHS = NO;
				ASSETCATALOG_COMPILER_GENERATE_SWIFT_ASSET_SYMBOL_EXTENSIONS = YES;
				CLANG_ANALYZER_NONNULL = YES;
				CLANG_ANALYZER_NUMBER_OBJECT_CONVERSION = YES_AGGRESSIVE;
				CLANG_CXX_LANGUAGE_STANDARD = "gnu++20";
				CLANG_ENABLE_MODULES = YES;
				CLANG_ENABLE_OBJC_ARC = YES;
				CLANG_ENABLE_OBJC_WEAK = YES;
				CLANG_WARN_BLOCK_CAPTURE_AUTORELEASING = YES;
				CLANG_WARN_BOOL_CONVERSION = YES;
				CLANG_WARN_COMMA = YES;
				CLANG_WARN_CONSTANT_CONVERSION = YES;
				CLANG_WARN_DEPRECATED_OBJC_IMPLEMENTATIONS = YES;
				CLANG_WARN_DIRECT_OBJC_ISA_USAGE = YES_ERROR;
				CLANG_WARN_DOCUMENTATION_COMMENTS = YES;
				CLANG_WARN_EMPTY_BODY = YES;
				CLANG_WARN_ENUM_CONVERSION = YES;
				CLANG_WARN_INFINITE_RECURSION = YES;
				CLANG_WARN_INT_CONVERSION = YES;
				CLANG_WARN_NON_LITERAL_NULL_CONVERSION = YES;
				CLANG_WARN_OBJC_IMPLICIT_RETAIN_SELF = YES;
				CLANG_WARN_OBJC_LITERAL_CONVERSION = YES;
				CLANG_WARN_OBJC_ROOT_CLASS = YES_ERROR;
				CLANG_WARN_QUOTED_INCLUDE_IN_FRAMEWORK_HEADER = YES;
				CLANG_WARN_RANGE_LOOP_ANALYSIS = YES;
				CLANG_WARN_STRICT_PROTOTYPES = YES;
				CLANG_WARN_SUSPICIOUS_MOVE = YES;
				CLANG_WARN_UNGUARDED_AVAILABILITY = YES_AGGRESSIVE;
				CLANG_WARN_UNREACHABLE_CODE = YES;
				CLANG_WARN__DUPLICATE_METHOD_MATCH = YES;
				COPY_PHASE_STRIP = NO;
				DEAD_CODE_STRIPPING = YES;
				DEBUG_INFORMATION_FORMAT = dwarf;
				ENABLE_STRICT_OBJC_MSGSEND = YES;
				ENABLE_TESTABILITY = YES;
				ENABLE_USER_SCRIPT_SANDBOXING = YES;
				GCC_C_LANGUAGE_STANDARD = gnu17;
				GCC_DYNAMIC_NO_PIC = NO;
				GCC_NO_COMMON_BLOCKS = YES;
				GCC_OPTIMIZATION_LEVEL = 0;
				GCC_PREPROCESSOR_DEFINITIONS = (
					"DEBUG=1",
					"$(inherited)",
				);
				GCC_WARN_64_TO_32_BIT_CONVERSION = YES;
				GCC_WARN_ABOUT_RETURN_TYPE = YES_ERROR;
				GCC_WARN_UNDECLARED_SELECTOR = YES;
				GCC_WARN_UNINITIALIZED_AUTOS = YES_AGGRESSIVE;
				GCC_WARN_UNUSED_FUNCTION = YES;
				GCC_WARN_UNUSED_VARIABLE = YES;
				LOCALIZATION_PREFERS_STRING_CATALOGS = YES;
				MACOSX_DEPLOYMENT_TARGET = 14.0;
				MTL_ENABLE_DEBUG_INFO = INCLUDE_SOURCE;
				MTL_FAST_MATH = YES;
				ONLY_ACTIVE_ARCH = YES;
				SDKROOT = macosx;
				SWIFT_ACTIVE_COMPILATION_CONDITIONS = "DEBUG $(inherited)";
				SWIFT_OPTIMIZATION_LEVEL = "-Onone";
			};
			name = Debug;
		};
		5E2DFB3C2B2B669A0071894A /* Release */ = {
			isa = XCBuildConfiguration;
			buildSettings = {
				ALWAYS_SEARCH_USER_PATHS = NO;
				ASSETCATALOG_COMPILER_GENERATE_SWIFT_ASSET_SYMBOL_EXTENSIONS = YES;
				CLANG_ANALYZER_NONNULL = YES;
				CLANG_ANALYZER_NUMBER_OBJECT_CONVERSION = YES_AGGRESSIVE;
				CLANG_CXX_LANGUAGE_STANDARD = "gnu++20";
				CLANG_ENABLE_MODULES = YES;
				CLANG_ENABLE_OBJC_ARC = YES;
				CLANG_ENABLE_OBJC_WEAK = YES;
				CLANG_WARN_BLOCK_CAPTURE_AUTORELEASING = YES;
				CLANG_WARN_BOOL_CONVERSION = YES;
				CLANG_WARN_COMMA = YES;
				CLANG_WARN_CONSTANT_CONVERSION = YES;
				CLANG_WARN_DEPRECATED_OBJC_IMPLEMENTATIONS = YES;
				CLANG_WARN_DIRECT_OBJC_ISA_USAGE = YES_ERROR;
				CLANG_WARN_DOCUMENTATION_COMMENTS = YES;
				CLANG_WARN_EMPTY_BODY = YES;
				CLANG_WARN_ENUM_CONVERSION = YES;
				CLANG_WARN_INFINITE_RECURSION = YES;
				CLANG_WARN_INT_CONVERSION = YES;
				CLANG_WARN_NON_LITERAL_NULL_CONVERSION = YES;
				CLANG_WARN_OBJC_IMPLICIT_RETAIN_SELF = YES;
				CLANG_WARN_OBJC_LITERAL_CONVERSION = YES;
				CLANG_WARN_OBJC_ROOT_CLASS = YES_ERROR;
				CLANG_WARN_QUOTED_INCLUDE_IN_FRAMEWORK_HEADER = YES;
				CLANG_WARN_RANGE_LOOP_ANALYSIS = YES;
				CLANG_WARN_STRICT_PROTOTYPES = YES;
				CLANG_WARN_SUSPICIOUS_MOVE = YES;
				CLANG_WARN_UNGUARDED_AVAILABILITY = YES_AGGRESSIVE;
				CLANG_WARN_UNREACHABLE_CODE = YES;
				CLANG_WARN__DUPLICATE_METHOD_MATCH = YES;
				COPY_PHASE_STRIP = NO;
				DEAD_CODE_STRIPPING = YES;
				DEBUG_INFORMATION_FORMAT = "dwarf-with-dsym";
				ENABLE_NS_ASSERTIONS = NO;
				ENABLE_STRICT_OBJC_MSGSEND = YES;
				ENABLE_USER_SCRIPT_SANDBOXING = YES;
				GCC_C_LANGUAGE_STANDARD = gnu17;
				GCC_NO_COMMON_BLOCKS = YES;
				GCC_WARN_64_TO_32_BIT_CONVERSION = YES;
				GCC_WARN_ABOUT_RETURN_TYPE = YES_ERROR;
				GCC_WARN_UNDECLARED_SELECTOR = YES;
				GCC_WARN_UNINITIALIZED_AUTOS = YES_AGGRESSIVE;
				GCC_WARN_UNUSED_FUNCTION = YES;
				GCC_WARN_UNUSED_VARIABLE = YES;
				LOCALIZATION_PREFERS_STRING_CATALOGS = YES;
				MACOSX_DEPLOYMENT_TARGET = 14.0;
				MTL_ENABLE_DEBUG_INFO = NO;
				MTL_FAST_MATH = YES;
				SDKROOT = macosx;
				SWIFT_COMPILATION_MODE = wholemodule;
			};
			name = Release;
		};
		5E2DFB3E2B2B669A0071894A /* Debug */ = {
			isa = XCBuildConfiguration;
			buildSettings = {
				ASSETCATALOG_COMPILER_APPICON_NAME = AppIcon;
				ASSETCATALOG_COMPILER_GLOBAL_ACCENT_COLOR_NAME = AccentColor;
				CODE_SIGN_ENTITLEMENTS = NowPlayr/NowPlayr.entitlements;
				"CODE_SIGN_IDENTITY[sdk=macosx*]" = "Apple Development";
				CODE_SIGN_STYLE = Automatic;
				COMBINE_HIDPI_IMAGES = YES;
				CURRENT_PROJECT_VERSION = 1;
				DEAD_CODE_STRIPPING = YES;
				DEVELOPMENT_ASSET_PATHS = "\"NowPlayr/Preview Content\"";
				DEVELOPMENT_TEAM = 3L7TNSC992;
				ENABLE_HARDENED_RUNTIME = YES;
				ENABLE_PREVIEWS = YES;
				GENERATE_INFOPLIST_FILE = YES;
				INFOPLIST_KEY_CFBundleDisplayName = NowPlayr;
				INFOPLIST_KEY_LSApplicationCategoryType = "public.app-category.utilities";
				INFOPLIST_KEY_LSUIElement = YES;
				INFOPLIST_KEY_NSAppleEventsUsageDescription = "NowPlayr requires permission to control your music app and display music data.";
				INFOPLIST_KEY_NSHumanReadableCopyright = "";
				LD_RUNPATH_SEARCH_PATHS = (
					"$(inherited)",
					"@executable_path/../Frameworks",
				);
				MACOSX_DEPLOYMENT_TARGET = 14.0;
				MARKETING_VERSION = 1.0;
				PRODUCT_BUNDLE_IDENTIFIER = dev.briannewton.NowPlayr;
				PRODUCT_NAME = "$(TARGET_NAME)";
				SWIFT_EMIT_LOC_STRINGS = YES;
				SWIFT_VERSION = 5.0;
			};
			name = Debug;
		};
		5E2DFB3F2B2B669A0071894A /* Release */ = {
			isa = XCBuildConfiguration;
			buildSettings = {
				ASSETCATALOG_COMPILER_APPICON_NAME = AppIcon;
				ASSETCATALOG_COMPILER_GLOBAL_ACCENT_COLOR_NAME = AccentColor;
				CODE_SIGN_ENTITLEMENTS = NowPlayr/NowPlayr.entitlements;
				"CODE_SIGN_IDENTITY[sdk=macosx*]" = "Apple Development";
				CODE_SIGN_STYLE = Automatic;
				COMBINE_HIDPI_IMAGES = YES;
				CURRENT_PROJECT_VERSION = 1;
				DEAD_CODE_STRIPPING = YES;
				DEVELOPMENT_ASSET_PATHS = "\"NowPlayr/Preview Content\"";
				DEVELOPMENT_TEAM = 3L7TNSC992;
				ENABLE_HARDENED_RUNTIME = YES;
				ENABLE_PREVIEWS = YES;
				GENERATE_INFOPLIST_FILE = YES;
				INFOPLIST_KEY_CFBundleDisplayName = NowPlayr;
				INFOPLIST_KEY_LSApplicationCategoryType = "public.app-category.utilities";
				INFOPLIST_KEY_LSUIElement = YES;
				INFOPLIST_KEY_NSAppleEventsUsageDescription = "NowPlayr requires permission to control your music app and display music data.";
				INFOPLIST_KEY_NSHumanReadableCopyright = "";
				LD_RUNPATH_SEARCH_PATHS = (
					"$(inherited)",
					"@executable_path/../Frameworks",
				);
				MACOSX_DEPLOYMENT_TARGET = 14.0;
				MARKETING_VERSION = 1.0;
				PRODUCT_BUNDLE_IDENTIFIER = dev.briannewton.NowPlayr;
				PRODUCT_NAME = "$(TARGET_NAME)";
				SWIFT_EMIT_LOC_STRINGS = YES;
				SWIFT_VERSION = 5.0;
			};
			name = Release;
		};
/* End XCBuildConfiguration section */

/* Begin XCConfigurationList section */
		5E2DFB292B2B66980071894A /* Build configuration list for PBXProject "NowPlayr" */ = {
			isa = XCConfigurationList;
			buildConfigurations = (
				5E2DFB3B2B2B669A0071894A /* Debug */,
				5E2DFB3C2B2B669A0071894A /* Release */,
			);
			defaultConfigurationIsVisible = 0;
			defaultConfigurationName = Release;
		};
		5E2DFB3D2B2B669A0071894A /* Build configuration list for PBXNativeTarget "NowPlayr" */ = {
			isa = XCConfigurationList;
			buildConfigurations = (
				5E2DFB3E2B2B669A0071894A /* Debug */,
				5E2DFB3F2B2B669A0071894A /* Release */,
			);
			defaultConfigurationIsVisible = 0;
			defaultConfigurationName = Release;
		};
/* End XCConfigurationList section */

/* Begin XCLocalSwiftPackageReference section */
		5E2A5D882BC8FC51004173A7 /* XCLocalSwiftPackageReference "../swifty/packages/Settings" */ = {
			isa = XCLocalSwiftPackageReference;
			relativePath = ../swifty/packages/Settings;
		};
		5E2A5D8B2BC8FC74004173A7 /* XCLocalSwiftPackageReference "../swifty/packages/LaunchAtLogin-Modern" */ = {
			isa = XCLocalSwiftPackageReference;
			relativePath = "../swifty/packages/LaunchAtLogin-Modern";
		};
/* End XCLocalSwiftPackageReference section */

/* Begin XCSwiftPackageProductDependency section */
		5E2A5D892BC8FC51004173A7 /* Settings */ = {
			isa = XCSwiftPackageProductDependency;
			productName = Settings;
		};
		5E2A5D8C2BC8FC74004173A7 /* LaunchAtLogin */ = {
			isa = XCSwiftPackageProductDependency;
			productName = LaunchAtLogin;
		};
/* End XCSwiftPackageProductDependency section */
	};
	rootObject = 5E2DFB262B2B66980071894A /* Project object */;
}
